
Microsoft Visual Studio Solution File, Format Version 12.00
# Visual Studio Version 17
VisualStudioVersion = 17.13.35931.197
MinimumVisualStudioVersion = 10.0.40219.1
Project("{FAE04EC0-301F-11D3-BF4B-00C04F79EFBC}") = "PiercingsOwner", "PiercingsOwner.csproj", "{B10E6718-26D2-4FA9-A98E-45E944145B85}"
EndProject
Global
	GlobalSection(SolutionConfigurationPlatforms) = preSolution
		Debug|Any CPU = Debug|Any CPU
		Release|Any CPU = Release|Any CPU
	EndGlobalSection
	GlobalSection(ProjectConfigurationPlatforms) = postSolution
		{B10E6718-26D2-4FA9-A98E-45E944145B85}.Debug|Any CPU.ActiveCfg = Debug|Any CPU
		{B10E6718-26D2-4FA9-A98E-45E944145B85}.Debug|Any CPU.Build.0 = Debug|Any CPU
		{B10E6718-26D2-4FA9-A98E-45E944145B85}.Release|Any CPU.ActiveCfg = Release|Any CPU
		{B10E6718-26D2-4FA9-A98E-45E944145B85}.Release|Any CPU.Build.0 = Release|Any CPU
	EndGlobalSection
	GlobalSection(SolutionProperties) = preSolution
		HideSolutionNode = FALSE
	EndGlobalSection
	GlobalSection(ExtensibilityGlobals) = postSolution
		SolutionGuid = {CECED9E6-DD38-4C97-BB78-A929E7E13624}
	EndGlobalSection
EndGlobal
